
Microsoft Visual Studio Solution File, Format Version 12.00
# Visual Studio Version 16
VisualStudioVersion = 16.0.31515.178
MinimumVisualStudioVersion = 10.0.40219.1
Project("{FAE04EC0-301F-11D3-BF4B-00C04F79EFBC}") = "MovieRenting", "MovieRenting\MovieRenting.csproj", "{FA40F2DA-A83E-47A6-8A9A-9C7638BA58AE}"
EndProject
Global
	GlobalSection(SolutionConfigurationPlatforms) = preSolution
		Debug|Any CPU = Debug|Any CPU
		Release|Any CPU = Release|Any CPU
	EndGlobalSection
	GlobalSection(ProjectConfigurationPlatforms) = postSolution
		{FA40F2DA-A83E-47A6-8A9A-9C7638BA58AE}.Debug|Any CPU.ActiveCfg = Debug|Any CPU
		{FA40F2DA-A83E-47A6-8A9A-9C7638BA58AE}.Debug|Any CPU.Build.0 = Debug|Any CPU
		{FA40F2DA-A83E-47A6-8A9A-9C7638BA58AE}.Release|Any CPU.ActiveCfg = Release|Any CPU
		{FA40F2DA-A83E-47A6-8A9A-9C7638BA58AE}.Release|Any CPU.Build.0 = Release|Any CPU
	EndGlobalSection
	GlobalSection(SolutionProperties) = preSolution
		HideSolutionNode = FALSE
	EndGlobalSection
	GlobalSection(ExtensibilityGlobals) = postSolution
		SolutionGuid = {D0EB086B-9EF4-46D0-983E-49BB61591311}
	EndGlobalSection
EndGlobal
